{
  "name": "comic-sounds",
  "version": "1.0.0",
  "lockfileVersion": 3,
  "requires": true,
  "packages": {
    "": {
      "name": "comic-sounds",
      "version": "1.0.0",
      "license": "MIT",
      "dependencies": {
        "ramda": "^0.26.1",
        "randa": "^0.0.3"
      },
      "bin": {
        "daledale": "index.js"
      }
    },
    "node_modules/ramda": {
      "version": "0.26.1",
      "resolved": "https://registry.npmjs.org/ramda/-/ramda-0.26.1.tgz",
      "integrity": "sha512-hLWjpy7EnsDBb0p+Z3B7rPi3GDeRG5ZtiI33kJhTt+ORCd38AbAIjB/9zRIUoeTbE/AVX5ZkU7m6bznsvrf8eQ=="
    },
    "node_modules/randa": {
      "version": "0.0.3",
      "resolved": "https://registry.npmjs.org/randa/-/randa-0.0.3.tgz",
      "integrity": "sha512-AbPHESdSVJAFDjSWqrxWbV1fLCfAnlCgnHsC+Q3fLV6NYift1D0uySAiE0tZdP0/R+yDT0DOQQ/qSU/8TZ+kIw=="
    }
  }
}
